Microsoft Visual Studio Solution File, Format Version 12.00
# Visual Studio Version 17
VisualStudioVersion = 17.5.2.0
MinimumVisualStudioVersion = 10.0.40219.1
Project("{FAE04EC0-301F-11D3-BF4B-00C04F79EFBC}") = "MarketAssetsAPI", "MarketAssetsAPI\MarketAssetsAPI.csproj", "{29128EE9-7CFD-E616-27C1-F1B7BA37E310}"
EndProject
Global
	GlobalSection(SolutionConfigurationPlatforms) = preSolution
		Debug|Any CPU = Debug|Any CPU
		Release|Any CPU = Release|Any CPU
	EndGlobalSection
	GlobalSection(ProjectConfigurationPlatforms) = postSolution
		{29128EE9-7CFD-E616-27C1-F1B7BA37E310}.Debug|Any CPU.ActiveCfg = Debug|Any CPU
		{29128EE9-7CFD-E616-27C1-F1B7BA37E310}.Debug|Any CPU.Build.0 = Debug|Any CPU
		{29128EE9-7CFD-E616-27C1-F1B7BA37E310}.Release|Any CPU.ActiveCfg = Release|Any CPU
		{29128EE9-7CFD-E616-27C1-F1B7BA37E310}.Release|Any CPU.Build.0 = Release|Any CPU
	EndGlobalSection
	GlobalSection(SolutionProperties) = preSolution
		HideSolutionNode = FALSE
	EndGlobalSection
	GlobalSection(ExtensibilityGlobals) = postSolution
		SolutionGuid = {6BCD2051-F62A-4EC3-881E-921DB561E9D5}
	EndGlobalSection
EndGlobal
